# Primary Dependencies
# (Packages we actually decided to include)
ansible==2.10.1
# Secondary Dependencies
# (pulled in by one or more of the above dependencies)
ansible-base==2.10.2
cffi==1.14.3
cryptography==3.2.1
Jinja2==2.11.2
MarkupSafe==1.1.1
packaging==20.4
pycparser==2.20
pyparsing==2.4.7
PyYAML==5.3.1
six==1.15.0
